
Microsoft Visual Studio Solution File, Format Version 12.00
Project("{FAE04EC0-301F-11D3-BF4B-00C04F79EFBC}") = "FindAFriend.Domain", "src\FindAFriend.Domain\FindAFriend.Domain.csproj", "{26257B77-7DE2-4B93-B3CB-56DDA77C2194}"
EndProject
Project("{FAE04EC0-301F-11D3-BF4B-00C04F79EFBC}") = "FindAFriend.Tests", "tests\FindAFriend.Tests\FindAFriend.Tests.csproj", "{0A450882-96C2-4D9D-AE36-6DBF5B4DC66D}"
EndProject
Project("{FAE04EC0-301F-11D3-BF4B-00C04F79EFBC}") = "FindAFriend.UseCases", "src\FindAFriend.UseCases\FindAFriend.UseCases.csproj", "{0128135E-BB07-4191-9382-7145626C4634}"
EndProject
Project("{FAE04EC0-301F-11D3-BF4B-00C04F79EFBC}") = "FindAFriend.Infra.Common", "src\FindAFriend.Infra.Common\FindAFriend.Infra.Common.csproj", "{B482AD18-D803-4E27-BA22-228923ADE8CD}"
EndProject
Project("{FAE04EC0-301F-11D3-BF4B-00C04F79EFBC}") = "FindAFriend.Api", "src\FindAFriend.Api\FindAFriend.Api.csproj", "{2211EE0E-F5CC-47CC-9D22-3C725E5BDD49}"
EndProject
Project("{FAE04EC0-301F-11D3-BF4B-00C04F79EFBC}") = "FindAFriend.Infrastructure", "src\FindAFriend.Infrastructure\FindAFriend.Infrastructure.csproj", "{722B7519-5B55-49CE-A388-FEF95F3E71DB}"
EndProject
Global
	GlobalSection(SolutionConfigurationPlatforms) = preSolution
		Debug|Any CPU = Debug|Any CPU
		Release|Any CPU = Release|Any CPU
	EndGlobalSection
	GlobalSection(ProjectConfigurationPlatforms) = postSolution
		{26257B77-7DE2-4B93-B3CB-56DDA77C2194}.Debug|Any CPU.ActiveCfg = Debug|Any CPU
		{26257B77-7DE2-4B93-B3CB-56DDA77C2194}.Debug|Any CPU.Build.0 = Debug|Any CPU
		{26257B77-7DE2-4B93-B3CB-56DDA77C2194}.Release|Any CPU.ActiveCfg = Release|Any CPU
		{26257B77-7DE2-4B93-B3CB-56DDA77C2194}.Release|Any CPU.Build.0 = Release|Any CPU
		{0A450882-96C2-4D9D-AE36-6DBF5B4DC66D}.Debug|Any CPU.ActiveCfg = Debug|Any CPU
		{0A450882-96C2-4D9D-AE36-6DBF5B4DC66D}.Debug|Any CPU.Build.0 = Debug|Any CPU
		{0A450882-96C2-4D9D-AE36-6DBF5B4DC66D}.Release|Any CPU.ActiveCfg = Release|Any CPU
		{0A450882-96C2-4D9D-AE36-6DBF5B4DC66D}.Release|Any CPU.Build.0 = Release|Any CPU
		{0128135E-BB07-4191-9382-7145626C4634}.Debug|Any CPU.ActiveCfg = Debug|Any CPU
		{0128135E-BB07-4191-9382-7145626C4634}.Debug|Any CPU.Build.0 = Debug|Any CPU
		{0128135E-BB07-4191-9382-7145626C4634}.Release|Any CPU.ActiveCfg = Release|Any CPU
		{0128135E-BB07-4191-9382-7145626C4634}.Release|Any CPU.Build.0 = Release|Any CPU
		{B482AD18-D803-4E27-BA22-228923ADE8CD}.Debug|Any CPU.ActiveCfg = Debug|Any CPU
		{B482AD18-D803-4E27-BA22-228923ADE8CD}.Debug|Any CPU.Build.0 = Debug|Any CPU
		{B482AD18-D803-4E27-BA22-228923ADE8CD}.Release|Any CPU.ActiveCfg = Release|Any CPU
		{B482AD18-D803-4E27-BA22-228923ADE8CD}.Release|Any CPU.Build.0 = Release|Any CPU
		{2211EE0E-F5CC-47CC-9D22-3C725E5BDD49}.Debug|Any CPU.ActiveCfg = Debug|Any CPU
		{2211EE0E-F5CC-47CC-9D22-3C725E5BDD49}.Debug|Any CPU.Build.0 = Debug|Any CPU
		{2211EE0E-F5CC-47CC-9D22-3C725E5BDD49}.Release|Any CPU.ActiveCfg = Release|Any CPU
		{2211EE0E-F5CC-47CC-9D22-3C725E5BDD49}.Release|Any CPU.Build.0 = Release|Any CPU
		{722B7519-5B55-49CE-A388-FEF95F3E71DB}.Debug|Any CPU.ActiveCfg = Debug|Any CPU
		{722B7519-5B55-49CE-A388-FEF95F3E71DB}.Debug|Any CPU.Build.0 = Debug|Any CPU
		{722B7519-5B55-49CE-A388-FEF95F3E71DB}.Release|Any CPU.ActiveCfg = Release|Any CPU
		{722B7519-5B55-49CE-A388-FEF95F3E71DB}.Release|Any CPU.Build.0 = Release|Any CPU
	EndGlobalSection
EndGlobal
